
Microsoft Visual Studio Solution File, Format Version 12.00
# Visual Studio Version 17
VisualStudioVersion = 17.5.002.0
MinimumVisualStudioVersion = 10.0.40219.1
Project("{9A19103F-16F7-4668-BE54-9A1E7A4F7556}") = "AgendamentoWebAPI", "AgendamentoWebAPI\AgendamentoWebAPI.csproj", "{DF236B88-3B9C-491B-98BC-5F3E8A13C94D}"
EndProject
Project("{FAE04EC0-301F-11D3-BF4B-00C04F79EFBC}") = "AgendamentoWebAPI.Tests", "AgendamentoWebAPI.Tests\AgendamentoWebAPI.Tests.csproj", "{B9C2864F-8267-4AD9-A7AF-76F623378D7F}"
EndProject
Global
	GlobalSection(SolutionConfigurationPlatforms) = preSolution
		Debug|Any CPU = Debug|Any CPU
		Release|Any CPU = Release|Any CPU
	EndGlobalSection
	GlobalSection(ProjectConfigurationPlatforms) = postSolution
		{DF236B88-3B9C-491B-98BC-5F3E8A13C94D}.Debug|Any CPU.ActiveCfg = Debug|Any CPU
		{DF236B88-3B9C-491B-98BC-5F3E8A13C94D}.Debug|Any CPU.Build.0 = Debug|Any CPU
		{DF236B88-3B9C-491B-98BC-5F3E8A13C94D}.Release|Any CPU.ActiveCfg = Release|Any CPU
		{DF236B88-3B9C-491B-98BC-5F3E8A13C94D}.Release|Any CPU.Build.0 = Release|Any CPU
		{B9C2864F-8267-4AD9-A7AF-76F623378D7F}.Debug|Any CPU.ActiveCfg = Debug|Any CPU
		{B9C2864F-8267-4AD9-A7AF-76F623378D7F}.Debug|Any CPU.Build.0 = Debug|Any CPU
		{B9C2864F-8267-4AD9-A7AF-76F623378D7F}.Release|Any CPU.ActiveCfg = Release|Any CPU
		{B9C2864F-8267-4AD9-A7AF-76F623378D7F}.Release|Any CPU.Build.0 = Release|Any CPU
	EndGlobalSection
	GlobalSection(SolutionProperties) = preSolution
		HideSolutionNode = FALSE
	EndGlobalSection
	GlobalSection(ExtensibilityGlobals) = postSolution
		SolutionGuid = {666F6F16-913A-45C7-A80D-336B39C6700C}
	EndGlobalSection
EndGlobal
